
Microsoft Visual Studio Solution File, Format Version 12.00
# Visual Studio Version 17
VisualStudioVersion = 17.7.34302.85
MinimumVisualStudioVersion = 10.0.40219.1
Project("{2150E333-8FDC-42A3-9474-1A3956D46DE8}") = "src", "src", "{B4DAEAD9-CF57-43E8-B639-21803332241C}"
EndProject
Project("{2150E333-8FDC-42A3-9474-1A3956D46DE8}") = "tests", "tests", "{58D2F9A1-B8E1-49E8-A98C-14E0C3DA0F64}"
EndProject
Project("{2150E333-8FDC-42A3-9474-1A3956D46DE8}") = "API", "API", "{188386AC-5090-46E9-9DF6-AEF4C256340A}"
EndProject
Project("{2150E333-8FDC-42A3-9474-1A3956D46DE8}") = "Core", "Core", "{002ADE19-CD32-48F5-ACC7-1307B2AE6EB3}"
EndProject
Project("{2150E333-8FDC-42A3-9474-1A3956D46DE8}") = "Infrastructure", "Infrastructure", "{C8085791-2BD8-4825-900F-936A62A91051}"
EndProject
Project("{2150E333-8FDC-42A3-9474-1A3956D46DE8}") = "Presentation", "Presentation", "{8469CF69-F497-4570-8F02-1342A20D536D}"
EndProject
Project("{9A19103F-16F7-4668-BE54-9A1E7A4F7556}") = "HR.LeaveManagement.Domain", "HR.LeaveManagement.Domain\HR.LeaveManagement.Domain.csproj", "{64E4A707-215A-4FC0-B1CA-62DFD6574B75}"
EndProject
Project("{9A19103F-16F7-4668-BE54-9A1E7A4F7556}") = "HR.LeaveManagement.Application", "HR.LeaveManagement.Application\HR.LeaveManagement.Application.csproj", "{751BA3B8-05B8-49A9-A1F5-D5C6ED00F704}"
EndProject
Project("{9A19103F-16F7-4668-BE54-9A1E7A4F7556}") = "HR.LeaveManagement.Persistence", "HR.LeaveManagement.Persistence\HR.LeaveManagement.Persistence.csproj", "{E1D79CC0-F9C6-43B1-82D4-4A4F4DCDC8B3}"
EndProject
Project("{9A19103F-16F7-4668-BE54-9A1E7A4F7556}") = "HR.LeaveManagement.Infrastructure", "HR.LeaveManagement.Infrastructure\HR.LeaveManagement.Infrastructure.csproj", "{C26767ED-C41B-4E52-AAA2-97C143D56E00}"
EndProject
Project("{9A19103F-16F7-4668-BE54-9A1E7A4F7556}") = "HR.LeaveManagement.API", "HR.LeaveManagement.API\HR.LeaveManagement.API.csproj", "{319A1E32-FAB1-41BC-AB17-71D76091F2BD}"
EndProject
Project("{9A19103F-16F7-4668-BE54-9A1E7A4F7556}") = "HR.LeaveManagement.Presentation", "HR.LeaveManagement.Presentation\HR.LeaveManagement.Presentation.csproj", "{3B93812E-8A6C-419A-9D85-949D142C6D52}"
EndProject
Project("{9A19103F-16F7-4668-BE54-9A1E7A4F7556}") = "HR.LeaveManagement.Application.UnitTests", "HR.LeaveManagement.Application.UnitTests\HR.LeaveManagement.Application.UnitTests.csproj", "{36B351A8-CDC1-4071-86F1-BBE5B1E1838C}"
EndProject
Project("{FAE04EC0-301F-11D3-BF4B-00C04F79EFBC}") = "HR.LeaveManagement.Identity", "HR.LeaveManagement.Identity\HR.LeaveManagement.Identity.csproj", "{58CC77A9-66AE-41E1-8EC6-7916B559F005}"
EndProject
Global
	GlobalSection(SolutionConfigurationPlatforms) = preSolution
		Debug|Any CPU = Debug|Any CPU
		Release|Any CPU = Release|Any CPU
	EndGlobalSection
	GlobalSection(ProjectConfigurationPlatforms) = postSolution
		{64E4A707-215A-4FC0-B1CA-62DFD6574B75}.Debug|Any CPU.ActiveCfg = Debug|Any CPU
		{64E4A707-215A-4FC0-B1CA-62DFD6574B75}.Debug|Any CPU.Build.0 = Debug|Any CPU
		{64E4A707-215A-4FC0-B1CA-62DFD6574B75}.Release|Any CPU.ActiveCfg = Release|Any CPU
		{64E4A707-215A-4FC0-B1CA-62DFD6574B75}.Release|Any CPU.Build.0 = Release|Any CPU
		{751BA3B8-05B8-49A9-A1F5-D5C6ED00F704}.Debug|Any CPU.ActiveCfg = Debug|Any CPU
		{751BA3B8-05B8-49A9-A1F5-D5C6ED00F704}.Debug|Any CPU.Build.0 = Debug|Any CPU
		{751BA3B8-05B8-49A9-A1F5-D5C6ED00F704}.Release|Any CPU.ActiveCfg = Release|Any CPU
		{751BA3B8-05B8-49A9-A1F5-D5C6ED00F704}.Release|Any CPU.Build.0 = Release|Any CPU
		{E1D79CC0-F9C6-43B1-82D4-4A4F4DCDC8B3}.Debug|Any CPU.ActiveCfg = Debug|Any CPU
		{E1D79CC0-F9C6-43B1-82D4-4A4F4DCDC8B3}.Debug|Any CPU.Build.0 = Debug|Any CPU
		{E1D79CC0-F9C6-43B1-82D4-4A4F4DCDC8B3}.Release|Any CPU.ActiveCfg = Release|Any CPU
		{E1D79CC0-F9C6-43B1-82D4-4A4F4DCDC8B3}.Release|Any CPU.Build.0 = Release|Any CPU
		{C26767ED-C41B-4E52-AAA2-97C143D56E00}.Debug|Any CPU.ActiveCfg = Debug|Any CPU
		{C26767ED-C41B-4E52-AAA2-97C143D56E00}.Debug|Any CPU.Build.0 = Debug|Any CPU
		{C26767ED-C41B-4E52-AAA2-97C143D56E00}.Release|Any CPU.ActiveCfg = Release|Any CPU
		{C26767ED-C41B-4E52-AAA2-97C143D56E00}.Release|Any CPU.Build.0 = Release|Any CPU
		{319A1E32-FAB1-41BC-AB17-71D76091F2BD}.Debug|Any CPU.ActiveCfg = Debug|Any CPU
		{319A1E32-FAB1-41BC-AB17-71D76091F2BD}.Debug|Any CPU.Build.0 = Debug|Any CPU
		{319A1E32-FAB1-41BC-AB17-71D76091F2BD}.Release|Any CPU.ActiveCfg = Release|Any CPU
		{319A1E32-FAB1-41BC-AB17-71D76091F2BD}.Release|Any CPU.Build.0 = Release|Any CPU
		{3B93812E-8A6C-419A-9D85-949D142C6D52}.Debug|Any CPU.ActiveCfg = Debug|Any CPU
		{3B93812E-8A6C-419A-9D85-949D142C6D52}.Debug|Any CPU.Build.0 = Debug|Any CPU
		{3B93812E-8A6C-419A-9D85-949D142C6D52}.Release|Any CPU.ActiveCfg = Release|Any CPU
		{3B93812E-8A6C-419A-9D85-949D142C6D52}.Release|Any CPU.Build.0 = Release|Any CPU
		{36B351A8-CDC1-4071-86F1-BBE5B1E1838C}.Debug|Any CPU.ActiveCfg = Debug|Any CPU
		{36B351A8-CDC1-4071-86F1-BBE5B1E1838C}.Debug|Any CPU.Build.0 = Debug|Any CPU
		{36B351A8-CDC1-4071-86F1-BBE5B1E1838C}.Release|Any CPU.ActiveCfg = Release|Any CPU
		{36B351A8-CDC1-4071-86F1-BBE5B1E1838C}.Release|Any CPU.Build.0 = Release|Any CPU
		{58CC77A9-66AE-41E1-8EC6-7916B559F005}.Debug|Any CPU.ActiveCfg = Debug|Any CPU
		{58CC77A9-66AE-41E1-8EC6-7916B559F005}.Debug|Any CPU.Build.0 = Debug|Any CPU
		{58CC77A9-66AE-41E1-8EC6-7916B559F005}.Release|Any CPU.ActiveCfg = Release|Any CPU
		{58CC77A9-66AE-41E1-8EC6-7916B559F005}.Release|Any CPU.Build.0 = Release|Any CPU
	EndGlobalSection
	GlobalSection(SolutionProperties) = preSolution
		HideSolutionNode = FALSE
	EndGlobalSection
	GlobalSection(NestedProjects) = preSolution
		{188386AC-5090-46E9-9DF6-AEF4C256340A} = {B4DAEAD9-CF57-43E8-B639-21803332241C}
		{002ADE19-CD32-48F5-ACC7-1307B2AE6EB3} = {B4DAEAD9-CF57-43E8-B639-21803332241C}
		{C8085791-2BD8-4825-900F-936A62A91051} = {B4DAEAD9-CF57-43E8-B639-21803332241C}
		{8469CF69-F497-4570-8F02-1342A20D536D} = {B4DAEAD9-CF57-43E8-B639-21803332241C}
		{64E4A707-215A-4FC0-B1CA-62DFD6574B75} = {002ADE19-CD32-48F5-ACC7-1307B2AE6EB3}
		{751BA3B8-05B8-49A9-A1F5-D5C6ED00F704} = {002ADE19-CD32-48F5-ACC7-1307B2AE6EB3}
		{E1D79CC0-F9C6-43B1-82D4-4A4F4DCDC8B3} = {C8085791-2BD8-4825-900F-936A62A91051}
		{C26767ED-C41B-4E52-AAA2-97C143D56E00} = {C8085791-2BD8-4825-900F-936A62A91051}
		{319A1E32-FAB1-41BC-AB17-71D76091F2BD} = {188386AC-5090-46E9-9DF6-AEF4C256340A}
		{3B93812E-8A6C-419A-9D85-949D142C6D52} = {8469CF69-F497-4570-8F02-1342A20D536D}
		{36B351A8-CDC1-4071-86F1-BBE5B1E1838C} = {58D2F9A1-B8E1-49E8-A98C-14E0C3DA0F64}
		{58CC77A9-66AE-41E1-8EC6-7916B559F005} = {C8085791-2BD8-4825-900F-936A62A91051}
	EndGlobalSection
	GlobalSection(ExtensibilityGlobals) = postSolution
		SolutionGuid = {22864E74-26C2-424C-ACA4-5E5729DD48A5}
	EndGlobalSection
EndGlobal
